// !$*UTF8*$!
{
	archiveVersion = 1;
	classes = {
	};
	objectVersion = 50;
	objects = {

/* Begin PBXBuildFile section */
		3101765E243B961B006D8F79 /* AppDelegate.swift in Sources */ = {isa = PBXBuildFile; fileRef = 3101765D243B961B006D8F79 /* AppDelegate.swift */; };
		31017660243B961B006D8F79 /* GameScene.sks in Resources */ = {isa = PBXBuildFile; fileRef = 3101765F243B961B006D8F79 /* GameScene.sks */; };
		31017662243B961B006D8F79 /* Actions.sks in Resources */ = {isa = PBXBuildFile; fileRef = 31017661243B961B006D8F79 /* Actions.sks */; };
		31017664243B961B006D8F79 /* GameScene.swift in Sources */ = {isa = PBXBuildFile; fileRef = 31017663243B961B006D8F79 /* GameScene.swift */; };
		31017666243B961B006D8F79 /* GameViewController.swift in Sources */ = {isa = PBXBuildFile; fileRef = 31017665243B961B006D8F79 /* GameViewController.swift */; };
		31017669243B961B006D8F79 /* Main.storyboard in Resources */ = {isa = PBXBuildFile; fileRef = 31017667243B961B006D8F79 /* Main.storyboard */; };
		3101766B243B961C006D8F79 /* Assets.xcassets in Resources */ = {isa = PBXBuildFile; fileRef = 3101766A243B961C006D8F79 /* Assets.xcassets */; };
		3101766E243B961C006D8F79 /* LaunchScreen.storyboard in Resources */ = {isa = PBXBuildFile; fileRef = 3101766C243B961C006D8F79 /* LaunchScreen.storyboard */; };
		31017679243B961D006D8F79 /* GalaxyHopTests.swift in Sources */ = {isa = PBXBuildFile; fileRef = 31017678243B961D006D8F79 /* GalaxyHopTests.swift */; };
		31017684243B961D006D8F79 /* GalaxyHopUITests.swift in Sources */ = {isa = PBXBuildFile; fileRef = 31017683243B961D006D8F79 /* GalaxyHopUITests.swift */; };
/* End PBXBuildFile section */

/* Begin PBXContainerItemProxy section */
		31017675243B961D006D8F79 /* PBXContainerItemProxy */ = {
			isa = PBXContainerItemProxy;
			containerPortal = 31017652243B961B006D8F79 /* Project object */;
			proxyType = 1;
			remoteGlobalIDString = 31017659243B961B006D8F79;
			remoteInfo = GalaxyHop;
		};
		31017680243B961D006D8F79 /* PBXContainerItemProxy */ = {
			isa = PBXContainerItemProxy;
			containerPortal = 31017652243B961B006D8F79 /* Project object */;
			proxyType = 1;
			remoteGlobalIDString = 31017659243B961B006D8F79;
			remoteInfo = GalaxyHop;
		};
/* End PBXContainerItemProxy section */

/* Begin PBXFileReference section */
		3101765A243B961B006D8F79 /* GalaxyHop.app */ = {isa = PBXFileReference; explicitFileType = wrapper.application; includeInIndex = 0; path = GalaxyHop.app; sourceTree = BUILT_PRODUCTS_DIR; };
		3101765D243B961B006D8F79 /* AppDelegate.swift */ = {isa = PBXFileReference; lastKnownFileType = sourcecode.swift; path = AppDelegate.swift; sourceTree = "<group>"; };
		3101765F243B961B006D8F79 /* GameScene.sks */ = {isa = PBXFileReference; lastKnownFileType = file.sks; path = GameScene.sks; sourceTree = "<group>"; };
		31017661243B961B006D8F79 /* Actions.sks */ = {isa = PBXFileReference; lastKnownFileType = file.sks; path = Actions.sks; sourceTree = "<group>"; };
		31017663243B961B006D8F79 /* GameScene.swift */ = {isa = PBXFileReference; lastKnownFileType = sourcecode.swift; path = GameScene.swift; sourceTree = "<group>"; };
		31017665243B961B006D8F79 /* GameViewController.swift */ = {isa = PBXFileReference; lastKnownFileType = sourcecode.swift; path = GameViewController.swift; sourceTree = "<group>"; };
		31017668243B961B006D8F79 /* Base */ = {isa = PBXFileReference; lastKnownFileType = file.storyboard; name = Base; path = Base.lproj/Main.storyboard; sourceTree = "<group>"; };
		3101766A243B961C006D8F79 /* Assets.xcassets */ = {isa = PBXFileReference; lastKnownFileType = folder.assetcatalog; path = Assets.xcassets; sourceTree = "<group>"; };
		3101766D243B961C006D8F79 /* Base */ = {isa = PBXFileReference; lastKnownFileType = file.storyboard; name = Base; path = Base.lproj/LaunchScreen.storyboard; sourceTree = "<group>"; };
		3101766F243B961C006D8F79 /* Info.plist */ = {isa = PBXFileReference; lastKnownFileType = text.plist.xml; path = Info.plist; sourceTree = "<group>"; };
		31017674243B961D006D8F79 /* GalaxyHopTests.xctest */ = {isa = PBXFileReference; explicitFileType = wrapper.cfbundle; includeInIndex = 0; path = GalaxyHopTests.xctest; sourceTree = BUILT_PRODUCTS_DIR; };
		31017678243B961D006D8F79 /* GalaxyHopTests.swift */ = {isa = PBXFileReference; lastKnownFileType = sourcecode.swift; path = GalaxyHopTests.swift; sourceTree = "<group>"; };
		3101767A243B961D006D8F79 /* Info.plist */ = {isa = PBXFileReference; lastKnownFileType = text.plist.xml; path = Info.plist; sourceTree = "<group>"; };
		3101767F243B961D006D8F79 /* GalaxyHopUITests.xctest */ = {isa = PBXFileReference; explicitFileType = wrapper.cfbundle; includeInIndex = 0; path = GalaxyHopUITests.xctest; sourceTree = BUILT_PRODUCTS_DIR; };
		31017683243B961D006D8F79 /* GalaxyHopUITests.swift */ = {isa = PBXFileReference; lastKnownFileType = sourcecode.swift; path = GalaxyHopUITests.swift; sourceTree = "<group>"; };
		31017685243B961D006D8F79 /* Info.plist */ = {isa = PBXFileReference; lastKnownFileType = text.plist.xml; path = Info.plist; sourceTree = "<group>"; };
/* End PBXFileReference section */

/* Begin PBXFrameworksBuildPhase section */
		31017657243B961B006D8F79 /* Frameworks */ = {
			isa = PBXFrameworksBuildPhase;
			buildActionMask = 2147483647;
			files = (
			);
			runOnlyForDeploymentPostprocessing = 0;
		};
		31017671243B961D006D8F79 /* Frameworks */ = {
			isa = PBXFrameworksBuildPhase;
			buildActionMask = 2147483647;
			files = (
			);
			runOnlyForDeploymentPostprocessing = 0;
		};
		3101767C243B961D006D8F79 /* Frameworks */ = {
			isa = PBXFrameworksBuildPhase;
			buildActionMask = 2147483647;
			files = (
			);
			runOnlyForDeploymentPostprocessing = 0;
		};
/* End PBXFrameworksBuildPhase section */

/* Begin PBXGroup section */
		31017651243B961B006D8F79 = {
			isa = PBXGroup;
			children = (
				3101765C243B961B006D8F79 /* GalaxyHop */,
				31017677243B961D006D8F79 /* GalaxyHopTests */,
				31017682243B961D006D8F79 /* GalaxyHopUITests */,
				3101765B243B961B006D8F79 /* Products */,
			);
			sourceTree = "<group>";
		};
		3101765B243B961B006D8F79 /* Products */ = {
			isa = PBXGroup;
			children = (
				3101765A243B961B006D8F79 /* GalaxyHop.app */,
				31017674243B961D006D8F79 /* GalaxyHopTests.xctest */,
				3101767F243B961D006D8F79 /* GalaxyHopUITests.xctest */,
			);
			name = Products;
			sourceTree = "<group>";
		};
		3101765C243B961B006D8F79 /* GalaxyHop */ = {
			isa = PBXGroup;
			children = (
				3101765D243B961B006D8F79 /* AppDelegate.swift */,
				3101765F243B961B006D8F79 /* GameScene.sks */,
				31017661243B961B006D8F79 /* Actions.sks */,
				31017663243B961B006D8F79 /* GameScene.swift */,
				31017665243B961B006D8F79 /* GameViewController.swift */,
				31017667243B961B006D8F79 /* Main.storyboard */,
				3101766A243B961C006D8F79 /* Assets.xcassets */,
				3101766C243B961C006D8F79 /* LaunchScreen.storyboard */,
				3101766F243B961C006D8F79 /* Info.plist */,
			);
			path = GalaxyHop;
			sourceTree = "<group>";
		};
		31017677243B961D006D8F79 /* GalaxyHopTests */ = {
			isa = PBXGroup;
			children = (
				31017678243B961D006D8F79 /* GalaxyHopTests.swift */,
				3101767A243B961D006D8F79 /* Info.plist */,
			);
			path = GalaxyHopTests;
			sourceTree = "<group>";
		};
		31017682243B961D006D8F79 /* GalaxyHopUITests */ = {
			isa = PBXGroup;
			children = (
				31017683243B961D006D8F79 /* GalaxyHopUITests.swift */,
				31017685243B961D006D8F79 /* Info.plist */,
			);
			path = GalaxyHopUITests;
			sourceTree = "<group>";
		};
/* End PBXGroup section */

/* Begin PBXNativeTarget section */
		31017659243B961B006D8F79 /* GalaxyHop */ = {
			isa = PBXNativeTarget;
			buildConfigurationList = 31017688243B961D006D8F79 /* Build configuration list for PBXNativeTarget "GalaxyHop" */;
			buildPhases = (
				31017656243B961B006D8F79 /* Sources */,
				31017657243B961B006D8F79 /* Frameworks */,
				31017658243B961B006D8F79 /* Resources */,
			);
			buildRules = (
			);
			dependencies = (
			);
			name = GalaxyHop;
			productName = GalaxyHop;
			productReference = 3101765A243B961B006D8F79 /* GalaxyHop.app */;
			productType = "com.apple.product-type.application";
		};
		31017673243B961D006D8F79 /* GalaxyHopTests */ = {
			isa = PBXNativeTarget;
			buildConfigurationList = 3101768B243B961D006D8F79 /* Build configuration list for PBXNativeTarget "GalaxyHopTests" */;
			buildPhases = (
				31017670243B961D006D8F79 /* Sources */,
				31017671243B961D006D8F79 /* Frameworks */,
				31017672243B961D006D8F79 /* Resources */,
			);
			buildRules = (
			);
			dependencies = (
				31017676243B961D006D8F79 /* PBXTargetDependency */,
			);
			name = GalaxyHopTests;
			productName = GalaxyHopTests;
			productReference = 31017674243B961D006D8F79 /* GalaxyHopTests.xctest */;
			productType = "com.apple.product-type.bundle.unit-test";
		};
		3101767E243B961D006D8F79 /* GalaxyHopUITests */ = {
			isa = PBXNativeTarget;
			buildConfigurationList = 3101768E243B961D006D8F79 /* Build configuration list for PBXNativeTarget "GalaxyHopUITests" */;
			buildPhases = (
				3101767B243B961D006D8F79 /* Sources */,
				3101767C243B961D006D8F79 /* Frameworks */,
				3101767D243B961D006D8F79 /* Resources */,
			);
			buildRules = (
			);
			dependencies = (
				31017681243B961D006D8F79 /* PBXTargetDependency */,
			);
			name = GalaxyHopUITests;
			productName = GalaxyHopUITests;
			productReference = 3101767F243B961D006D8F79 /* GalaxyHopUITests.xctest */;
			productType = "com.apple.product-type.bundle.ui-testing";
		};
/* End PBXNativeTarget section */

/* Begin PBXProject section */
		31017652243B961B006D8F79 /* Project object */ = {
			isa = PBXProject;
			attributes = {
				LastSwiftUpdateCheck = 1140;
				LastUpgradeCheck = 1140;
				ORGANIZATIONNAME = "Bruce Jiang";
				TargetAttributes = {
					31017659243B961B006D8F79 = {
						CreatedOnToolsVersion = 11.4;
					};
					31017673243B961D006D8F79 = {
						CreatedOnToolsVersion = 11.4;
						TestTargetID = 31017659243B961B006D8F79;
					};
					3101767E243B961D006D8F79 = {
						CreatedOnToolsVersion = 11.4;
						TestTargetID = 31017659243B961B006D8F79;
					};
				};
			};
			buildConfigurationList = 31017655243B961B006D8F79 /* Build configuration list for PBXProject "GalaxyHop" */;
			compatibilityVersion = "Xcode 9.3";
			developmentRegion = en;
			hasScannedForEncodings = 0;
			knownRegions = (
				en,
				Base,
			);
			mainGroup = 31017651243B961B006D8F79;
			productRefGroup = 3101765B243B961B006D8F79 /* Products */;
			projectDirPath = "";
			projectRoot = "";
			targets = (
				31017659243B961B006D8F79 /* GalaxyHop */,
				31017673243B961D006D8F79 /* GalaxyHopTests */,
				3101767E243B961D006D8F79 /* GalaxyHopUITests */,
			);
		};
/* End PBXProject section */

/* Begin PBXResourcesBuildPhase section */
		31017658243B961B006D8F79 /* Resources */ = {
			isa = PBXResourcesBuildPhase;
			buildActionMask = 2147483647;
			files = (
				31017669243B961B006D8F79 /* Main.storyboard in Resources */,
				31017660243B961B006D8F79 /* GameScene.sks in Resources */,
				3101766B243B961C006D8F79 /* Assets.xcassets in Resources */,
				3101766E243B961C006D8F79 /* LaunchScreen.storyboard in Resources */,
				31017662243B961B006D8F79 /* Actions.sks in Resources */,
			);
			runOnlyForDeploymentPostprocessing = 0;
		};
		31017672243B961D006D8F79 /* Resources */ = {
			isa = PBXResourcesBuildPhase;
			buildActionMask = 2147483647;
			files = (
			);
			runOnlyForDeploymentPostprocessing = 0;
		};
		3101767D243B961D006D8F79 /* Resources */ = {
			isa = PBXResourcesBuildPhase;
			buildActionMask = 2147483647;
			files = (
			);
			runOnlyForDeploymentPostprocessing = 0;
		};
/* End PBXResourcesBuildPhase section */

/* Begin PBXSourcesBuildPhase section */
		31017656243B961B006D8F79 /* Sources */ = {
			isa = PBXSourcesBuildPhase;
			buildActionMask = 2147483647;
			files = (
				31017664243B961B006D8F79 /* GameScene.swift in Sources */,
				31017666243B961B006D8F79 /* GameViewController.swift in Sources */,
				3101765E243B961B006D8F79 /* AppDelegate.swift in Sources */,
			);
			runOnlyForDeploymentPostprocessing = 0;
		};
		31017670243B961D006D8F79 /* Sources */ = {
			isa = PBXSourcesBuildPhase;
			buildActionMask = 2147483647;
			files = (
				31017679243B961D006D8F79 /* GalaxyHopTests.swift in Sources */,
			);
			runOnlyForDeploymentPostprocessing = 0;
		};
		3101767B243B961D006D8F79 /* Sources */ = {
			isa = PBXSourcesBuildPhase;
			buildActionMask = 2147483647;
			files = (
				31017684243B961D006D8F79 /* GalaxyHopUITests.swift in Sources */,
			);
			runOnlyForDeploymentPostprocessing = 0;
		};
/* End PBXSourcesBuildPhase section */

/* Begin PBXTargetDependency section */
		31017676243B961D006D8F79 /* PBXTargetDependency */ = {
			isa = PBXTargetDependency;
			target = 31017659243B961B006D8F79 /* GalaxyHop */;
			targetProxy = 31017675243B961D006D8F79 /* PBXContainerItemProxy */;
		};
		31017681243B961D006D8F79 /* PBXTargetDependency */ = {
			isa = PBXTargetDependency;
			target = 31017659243B961B006D8F79 /* GalaxyHop */;
			targetProxy = 31017680243B961D006D8F79 /* PBXContainerItemProxy */;
		};
/* End PBXTargetDependency section */

/* Begin PBXVariantGroup section */
		31017667243B961B006D8F79 /* Main.storyboard */ = {
			isa = PBXVariantGroup;
			children = (
				31017668243B961B006D8F79 /* Base */,
			);
			name = Main.storyboard;
			sourceTree = "<group>";
		};
		3101766C243B961C006D8F79 /* LaunchScreen.storyboard */ = {
			isa = PBXVariantGroup;
			children = (
				3101766D243B961C006D8F79 /* Base */,
			);
			name = LaunchScreen.storyboard;
			sourceTree = "<group>";
		};
/* End PBXVariantGroup section */

/* Begin XCBuildConfiguration section */
		31017686243B961D006D8F79 /* Debug */ = {
			isa = XCBuildConfiguration;
			buildSettings = {
				ALWAYS_SEARCH_USER_PATHS = NO;
				CLANG_ANALYZER_NONNULL = YES;
				CLANG_ANALYZER_NUMBER_OBJECT_CONVERSION = YES_AGGRESSIVE;
				CLANG_CXX_LANGUAGE_STANDARD = "gnu++14";
				CLANG_CXX_LIBRARY = "libc++";
				CLANG_ENABLE_MODULES = YES;
				CLANG_ENABLE_OBJC_ARC = YES;
				CLANG_ENABLE_OBJC_WEAK = YES;
				CLANG_WARN_BLOCK_CAPTURE_AUTORELEASING = YES;
				CLANG_WARN_BOOL_CONVERSION = YES;
				CLANG_WARN_COMMA = YES;
				CLANG_WARN_CONSTANT_CONVERSION = YES;
				CLANG_WARN_DEPRECATED_OBJC_IMPLEMENTATIONS = YES;
				CLANG_WARN_DIRECT_OBJC_ISA_USAGE = YES_ERROR;
				CLANG_WARN_DOCUMENTATION_COMMENTS = YES;
				CLANG_WARN_EMPTY_BODY = YES;
				CLANG_WARN_ENUM_CONVERSION = YES;
				CLANG_WARN_INFINITE_RECURSION = YES;
				CLANG_WARN_INT_CONVERSION = YES;
				CLANG_WARN_NON_LITERAL_NULL_CONVERSION = YES;
				CLANG_WARN_OBJC_IMPLICIT_RETAIN_SELF = YES;
				CLANG_WARN_OBJC_LITERAL_CONVERSION = YES;
				CLANG_WARN_OBJC_ROOT_CLASS = YES_ERROR;
				CLANG_WARN_RANGE_LOOP_ANALYSIS = YES;
				CLANG_WARN_STRICT_PROTOTYPES = YES;
				CLANG_WARN_SUSPICIOUS_MOVE = YES;
				CLANG_WARN_UNGUARDED_AVAILABILITY = YES_AGGRESSIVE;
				CLANG_WARN_UNREACHABLE_CODE = YES;
				CLANG_WARN__DUPLICATE_METHOD_MATCH = YES;
				COPY_PHASE_STRIP = NO;
				DEBUG_INFORMATION_FORMAT = dwarf;
				ENABLE_STRICT_OBJC_MSGSEND = YES;
				ENABLE_TESTABILITY = YES;
				GCC_C_LANGUAGE_STANDARD = gnu11;
				GCC_DYNAMIC_NO_PIC = NO;
				GCC_NO_COMMON_BLOCKS = YES;
				GCC_OPTIMIZATION_LEVEL = 0;
				GCC_PREPROCESSOR_DEFINITIONS = (
					"DEBUG=1",
					"$(inherited)",
				);
				GCC_WARN_64_TO_32_BIT_CONVERSION = YES;
				GCC_WARN_ABOUT_RETURN_TYPE = YES_ERROR;
				GCC_WARN_UNDECLARED_SELECTOR = YES;
				GCC_WARN_UNINITIALIZED_AUTOS = YES_AGGRESSIVE;
				GCC_WARN_UNUSED_FUNCTION = YES;
				GCC_WARN_UNUSED_VARIABLE = YES;
				IPHONEOS_DEPLOYMENT_TARGET = 13.4;
				MTL_ENABLE_DEBUG_INFO = INCLUDE_SOURCE;
				MTL_FAST_MATH = YES;
				ONLY_ACTIVE_ARCH = YES;
				SDKROOT = iphoneos;
				SWIFT_ACTIVE_COMPILATION_CONDITIONS = DEBUG;
				SWIFT_OPTIMIZATION_LEVEL = "-Onone";
			};
			name = Debug;
		};
		31017687243B961D006D8F79 /* Release */ = {
			isa = XCBuildConfiguration;
			buildSettings = {
				ALWAYS_SEARCH_USER_PATHS = NO;
				CLANG_ANALYZER_NONNULL = YES;
				CLANG_ANALYZER_NUMBER_OBJECT_CONVERSION = YES_AGGRESSIVE;
				CLANG_CXX_LANGUAGE_STANDARD = "gnu++14";
				CLANG_CXX_LIBRARY = "libc++";
				CLANG_ENABLE_MODULES = YES;
				CLANG_ENABLE_OBJC_ARC = YES;
				CLANG_ENABLE_OBJC_WEAK = YES;
				CLANG_WARN_BLOCK_CAPTURE_AUTORELEASING = YES;
				CLANG_WARN_BOOL_CONVERSION = YES;
				CLANG_WARN_COMMA = YES;
				CLANG_WARN_CONSTANT_CONVERSION = YES;
				CLANG_WARN_DEPRECATED_OBJC_IMPLEMENTATIONS = YES;
				CLANG_WARN_DIRECT_OBJC_ISA_USAGE = YES_ERROR;
				CLANG_WARN_DOCUMENTATION_COMMENTS = YES;
				CLANG_WARN_EMPTY_BODY = YES;
				CLANG_WARN_ENUM_CONVERSION = YES;
				CLANG_WARN_INFINITE_RECURSION = YES;
				CLANG_WARN_INT_CONVERSION = YES;
				CLANG_WARN_NON_LITERAL_NULL_CONVERSION = YES;
				CLANG_WARN_OBJC_IMPLICIT_RETAIN_SELF = YES;
				CLANG_WARN_OBJC_LITERAL_CONVERSION = YES;
				CLANG_WARN_OBJC_ROOT_CLASS = YES_ERROR;
				CLANG_WARN_RANGE_LOOP_ANALYSIS = YES;
				CLANG_WARN_STRICT_PROTOTYPES = YES;
				CLANG_WARN_SUSPICIOUS_MOVE = YES;
				CLANG_WARN_UNGUARDED_AVAILABILITY = YES_AGGRESSIVE;
				CLANG_WARN_UNREACHABLE_CODE = YES;
				CLANG_WARN__DUPLICATE_METHOD_MATCH = YES;
				COPY_PHASE_STRIP = NO;
				DEBUG_INFORMATION_FORMAT = "dwarf-with-dsym";
				ENABLE_NS_ASSERTIONS = NO;
				ENABLE_STRICT_OBJC_MSGSEND = YES;
				GCC_C_LANGUAGE_STANDARD = gnu11;
				GCC_NO_COMMON_BLOCKS = YES;
				GCC_WARN_64_TO_32_BIT_CONVERSION = YES;
				GCC_WARN_ABOUT_RETURN_TYPE = YES_ERROR;
				GCC_WARN_UNDECLARED_SELECTOR = YES;
				GCC_WARN_UNINITIALIZED_AUTOS = YES_AGGRESSIVE;
				GCC_WARN_UNUSED_FUNCTION = YES;
				GCC_WARN_UNUSED_VARIABLE = YES;
				IPHONEOS_DEPLOYMENT_TARGET = 13.4;
				MTL_ENABLE_DEBUG_INFO = NO;
				MTL_FAST_MATH = YES;
				SDKROOT = iphoneos;
				SWIFT_COMPILATION_MODE = wholemodule;
				SWIFT_OPTIMIZATION_LEVEL = "-O";
				VALIDATE_PRODUCT = YES;
			};
			name = Release;
		};
		31017689243B961D006D8F79 /* Debug */ = {
			isa = XCBuildConfiguration;
			buildSettings = {
				ASSETCATALOG_COMPILER_APPICON_NAME = AppIcon;
				CODE_SIGN_STYLE = Automatic;
				INFOPLIST_FILE = GalaxyHop/Info.plist;
				LD_RUNPATH_SEARCH_PATHS = (
					"$(inherited)",
					"@executable_path/Frameworks",
				);
				PRODUCT_BUNDLE_IDENTIFIER = bruceJiang.GalaxyHop;
				PRODUCT_NAME = "$(TARGET_NAME)";
				SWIFT_VERSION = 5.0;
				TARGETED_DEVICE_FAMILY = "1,2";
			};
			name = Debug;
		};
		3101768A243B961D006D8F79 /* Release */ = {
			isa = XCBuildConfiguration;
			buildSettings = {
				ASSETCATALOG_COMPILER_APPICON_NAME = AppIcon;
				CODE_SIGN_STYLE = Automatic;
				INFOPLIST_FILE = GalaxyHop/Info.plist;
				LD_RUNPATH_SEARCH_PATHS = (
					"$(inherited)",
					"@executable_path/Frameworks",
				);
				PRODUCT_BUNDLE_IDENTIFIER = bruceJiang.GalaxyHop;
				PRODUCT_NAME = "$(TARGET_NAME)";
				SWIFT_VERSION = 5.0;
				TARGETED_DEVICE_FAMILY = "1,2";
			};
			name = Release;
		};
		3101768C243B961D006D8F79 /* Debug */ = {
			isa = XCBuildConfiguration;
			buildSettings = {
				ALWAYS_EMBED_SWIFT_STANDARD_LIBRARIES = YES;
				BUNDLE_LOADER = "$(TEST_HOST)";
				CODE_SIGN_STYLE = Automatic;
				INFOPLIST_FILE = GalaxyHopTests/Info.plist;
				IPHONEOS_DEPLOYMENT_TARGET = 13.4;
				LD_RUNPATH_SEARCH_PATHS = (
					"$(inherited)",
					"@executable_path/Frameworks",
					"@loader_path/Frameworks",
				);
				PRODUCT_BUNDLE_IDENTIFIER = bruceJiang.GalaxyHopTests;
				PRODUCT_NAME = "$(TARGET_NAME)";
				SWIFT_VERSION = 5.0;
				TARGETED_DEVICE_FAMILY = "1,2";
				TEST_HOST = "$(BUILT_PRODUCTS_DIR)/GalaxyHop.app/GalaxyHop";
			};
			name = Debug;
		};
		3101768D243B961D006D8F79 /* Release */ = {
			isa = XCBuildConfiguration;
			buildSettings = {
				ALWAYS_EMBED_SWIFT_STANDARD_LIBRARIES = YES;
				BUNDLE_LOADER = "$(TEST_HOST)";
				CODE_SIGN_STYLE = Automatic;
				INFOPLIST_FILE = GalaxyHopTests/Info.plist;
				IPHONEOS_DEPLOYMENT_TARGET = 13.4;
				LD_RUNPATH_SEARCH_PATHS = (
					"$(inherited)",
					"@executable_path/Frameworks",
					"@loader_path/Frameworks",
				);
				PRODUCT_BUNDLE_IDENTIFIER = bruceJiang.GalaxyHopTests;
				PRODUCT_NAME = "$(TARGET_NAME)";
				SWIFT_VERSION = 5.0;
				TARGETED_DEVICE_FAMILY = "1,2";
				TEST_HOST = "$(BUILT_PRODUCTS_DIR)/GalaxyHop.app/GalaxyHop";
			};
			name = Release;
		};
		3101768F243B961D006D8F79 /* Debug */ = {
			isa = XCBuildConfiguration;
			buildSettings = {
				ALWAYS_EMBED_SWIFT_STANDARD_LIBRARIES = YES;
				CODE_SIGN_STYLE = Automatic;
				INFOPLIST_FILE = GalaxyHopUITests/Info.plist;
				LD_RUNPATH_SEARCH_PATHS = (
					"$(inherited)",
					"@executable_path/Frameworks",
					"@loader_path/Frameworks",
				);
				PRODUCT_BUNDLE_IDENTIFIER = bruceJiang.GalaxyHopUITests;
				PRODUCT_NAME = "$(TARGET_NAME)";
				SWIFT_VERSION = 5.0;
				TARGETED_DEVICE_FAMILY = "1,2";
				TEST_TARGET_NAME = GalaxyHop;
			};
			name = Debug;
		};
		31017690243B961D006D8F79 /* Release */ = {
			isa = XCBuildConfiguration;
			buildSettings = {
				ALWAYS_EMBED_SWIFT_STANDARD_LIBRARIES = YES;
				CODE_SIGN_STYLE = Automatic;
				INFOPLIST_FILE = GalaxyHopUITests/Info.plist;
				LD_RUNPATH_SEARCH_PATHS = (
					"$(inherited)",
					"@executable_path/Frameworks",
					"@loader_path/Frameworks",
				);
				PRODUCT_BUNDLE_IDENTIFIER = bruceJiang.GalaxyHopUITests;
				PRODUCT_NAME = "$(TARGET_NAME)";
				SWIFT_VERSION = 5.0;
				TARGETED_DEVICE_FAMILY = "1,2";
				TEST_TARGET_NAME = GalaxyHop;
			};
			name = Release;
		};
/* End XCBuildConfiguration section */

/* Begin XCConfigurationList section */
		31017655243B961B006D8F79 /* Build configuration list for PBXProject "GalaxyHop" */ = {
			isa = XCConfigurationList;
			buildConfigurations = (
				31017686243B961D006D8F79 /* Debug */,
				31017687243B961D006D8F79 /* Release */,
			);
			defaultConfigurationIsVisible = 0;
			defaultConfigurationName = Release;
		};
		31017688243B961D006D8F79 /* Build configuration list for PBXNativeTarget "GalaxyHop" */ = {
			isa = XCConfigurationList;
			buildConfigurations = (
				31017689243B961D006D8F79 /* Debug */,
				3101768A243B961D006D8F79 /* Release */,
			);
			defaultConfigurationIsVisible = 0;
			defaultConfigurationName = Release;
		};
		3101768B243B961D006D8F79 /* Build configuration list for PBXNativeTarget "GalaxyHopTests" */ = {
			isa = XCConfigurationList;
			buildConfigurations = (
				3101768C243B961D006D8F79 /* Debug */,
				3101768D243B961D006D8F79 /* Release */,
			);
			defaultConfigurationIsVisible = 0;
			defaultConfigurationName = Release;
		};
		3101768E243B961D006D8F79 /* Build configuration list for PBXNativeTarget "GalaxyHopUITests" */ = {
			isa = XCConfigurationList;
			buildConfigurations = (
				3101768F243B961D006D8F79 /* Debug */,
				31017690243B961D006D8F79 /* Release */,
			);
			defaultConfigurationIsVisible = 0;
			defaultConfigurationName = Release;
		};
/* End XCConfigurationList section */
	};
	rootObject = 31017652243B961B006D8F79 /* Project object */;
}
