// !$*UTF8*$!
{
	archiveVersion = 1;
	classes = {
	};
	objectVersion = 50;
	objects = {

/* Begin PBXBuildFile section */
		3171CCC6245E77F800C5CD7C /* GameOver.sks in Resources */ = {isa = PBXBuildFile; fileRef = 3171CCC5245E77F800C5CD7C /* GameOver.sks */; };
		3171CCC8245E7B4900C5CD7C /* GameOver.swift in Sources */ = {isa = PBXBuildFile; fileRef = 3171CCC7245E7B4900C5CD7C /* GameOver.swift */; };
		317D1EAB245DE22C00D1D552 /* Stats.sks in Resources */ = {isa = PBXBuildFile; fileRef = 317D1EAA245DE22C00D1D552 /* Stats.sks */; };
		31CCACBC245DEA2C00DC9A0D /* Stats.swift in Sources */ = {isa = PBXBuildFile; fileRef = 31CCACBB245DEA2C00DC9A0D /* Stats.swift */; };
		E48A1F7F24551D08006CA526 /* game1.sks in Resources */ = {isa = PBXBuildFile; fileRef = E48A1F7E24551D08006CA526 /* game1.sks */; };
		E48A1F8124551D1C006CA526 /* game1.swift in Sources */ = {isa = PBXBuildFile; fileRef = E48A1F8024551D1C006CA526 /* game1.swift */; };
		E49AE3B12449190D00632A45 /* AppDelegate.swift in Sources */ = {isa = PBXBuildFile; fileRef = E49AE3B02449190D00632A45 /* AppDelegate.swift */; };
		E49AE3B32449190D00632A45 /* GameScene.sks in Resources */ = {isa = PBXBuildFile; fileRef = E49AE3B22449190D00632A45 /* GameScene.sks */; };
		E49AE3B52449190D00632A45 /* Actions.sks in Resources */ = {isa = PBXBuildFile; fileRef = E49AE3B42449190D00632A45 /* Actions.sks */; };
		E49AE3B72449190D00632A45 /* GameScene.swift in Sources */ = {isa = PBXBuildFile; fileRef = E49AE3B62449190D00632A45 /* GameScene.swift */; };
		E49AE3B92449190D00632A45 /* GameViewController.swift in Sources */ = {isa = PBXBuildFile; fileRef = E49AE3B82449190D00632A45 /* GameViewController.swift */; };
		E49AE3BC2449190D00632A45 /* Main.storyboard in Resources */ = {isa = PBXBuildFile; fileRef = E49AE3BA2449190D00632A45 /* Main.storyboard */; };
		E49AE3BE2449190F00632A45 /* Assets.xcassets in Resources */ = {isa = PBXBuildFile; fileRef = E49AE3BD2449190F00632A45 /* Assets.xcassets */; };
		E49AE3C12449190F00632A45 /* LaunchScreen.storyboard in Resources */ = {isa = PBXBuildFile; fileRef = E49AE3BF2449190F00632A45 /* LaunchScreen.storyboard */; };
		E49AE3CC2449190F00632A45 /* Galaxy_HopTests.swift in Sources */ = {isa = PBXBuildFile; fileRef = E49AE3CB2449190F00632A45 /* Galaxy_HopTests.swift */; };
		E49AE3D72449190F00632A45 /* Galaxy_HopUITests.swift in Sources */ = {isa = PBXBuildFile; fileRef = E49AE3D62449190F00632A45 /* Galaxy_HopUITests.swift */; };
		E4DADA19245F4AAA00AB84F3 /* game2.swift in Sources */ = {isa = PBXBuildFile; fileRef = E4DADA18245F4AAA00AB84F3 /* game2.swift */; };
		E4DADA1B245F4AE900AB84F3 /* game2.sks in Resources */ = {isa = PBXBuildFile; fileRef = E4DADA1A245F4AE900AB84F3 /* game2.sks */; };
/* End PBXBuildFile section */

/* Begin PBXContainerItemProxy section */
		E49AE3C82449190F00632A45 /* PBXContainerItemProxy */ = {
			isa = PBXContainerItemProxy;
			containerPortal = E49AE3A52449190D00632A45 /* Project object */;
			proxyType = 1;
			remoteGlobalIDString = E49AE3AC2449190D00632A45;
			remoteInfo = "Galaxy Hop";
		};
		E49AE3D32449190F00632A45 /* PBXContainerItemProxy */ = {
			isa = PBXContainerItemProxy;
			containerPortal = E49AE3A52449190D00632A45 /* Project object */;
			proxyType = 1;
			remoteGlobalIDString = E49AE3AC2449190D00632A45;
			remoteInfo = "Galaxy Hop";
		};
/* End PBXContainerItemProxy section */

/* Begin PBXFileReference section */
		3171CCC5245E77F800C5CD7C /* GameOver.sks */ = {isa = PBXFileReference; lastKnownFileType = file.sks; path = GameOver.sks; sourceTree = "<group>"; };
		3171CCC7245E7B4900C5CD7C /* GameOver.swift */ = {isa = PBXFileReference; lastKnownFileType = sourcecode.swift; path = GameOver.swift; sourceTree = "<group>"; };
		317D1EAA245DE22C00D1D552 /* Stats.sks */ = {isa = PBXFileReference; lastKnownFileType = file.sks; path = Stats.sks; sourceTree = "<group>"; };
		31CCACBB245DEA2C00DC9A0D /* Stats.swift */ = {isa = PBXFileReference; lastKnownFileType = sourcecode.swift; path = Stats.swift; sourceTree = "<group>"; };
		E48A1F7E24551D08006CA526 /* game1.sks */ = {isa = PBXFileReference; lastKnownFileType = file.sks; path = game1.sks; sourceTree = "<group>"; };
		E48A1F8024551D1C006CA526 /* game1.swift */ = {isa = PBXFileReference; lastKnownFileType = sourcecode.swift; path = game1.swift; sourceTree = "<group>"; };
		E49AE3AD2449190D00632A45 /* Galaxy Hop.app */ = {isa = PBXFileReference; explicitFileType = wrapper.application; includeInIndex = 0; path = "Galaxy Hop.app"; sourceTree = BUILT_PRODUCTS_DIR; };
		E49AE3B02449190D00632A45 /* AppDelegate.swift */ = {isa = PBXFileReference; lastKnownFileType = sourcecode.swift; path = AppDelegate.swift; sourceTree = "<group>"; };
		E49AE3B22449190D00632A45 /* GameScene.sks */ = {isa = PBXFileReference; lastKnownFileType = file.sks; path = GameScene.sks; sourceTree = "<group>"; };
		E49AE3B42449190D00632A45 /* Actions.sks */ = {isa = PBXFileReference; lastKnownFileType = file.sks; path = Actions.sks; sourceTree = "<group>"; };
		E49AE3B62449190D00632A45 /* GameScene.swift */ = {isa = PBXFileReference; lastKnownFileType = sourcecode.swift; path = GameScene.swift; sourceTree = "<group>"; };
		E49AE3B82449190D00632A45 /* GameViewController.swift */ = {isa = PBXFileReference; lastKnownFileType = sourcecode.swift; path = GameViewController.swift; sourceTree = "<group>"; };
		E49AE3BB2449190D00632A45 /* Base */ = {isa = PBXFileReference; lastKnownFileType = file.storyboard; name = Base; path = Base.lproj/Main.storyboard; sourceTree = "<group>"; };
		E49AE3BD2449190F00632A45 /* Assets.xcassets */ = {isa = PBXFileReference; lastKnownFileType = folder.assetcatalog; path = Assets.xcassets; sourceTree = "<group>"; };
		E49AE3C02449190F00632A45 /* Base */ = {isa = PBXFileReference; lastKnownFileType = file.storyboard; name = Base; path = Base.lproj/LaunchScreen.storyboard; sourceTree = "<group>"; };
		E49AE3C22449190F00632A45 /* Info.plist */ = {isa = PBXFileReference; lastKnownFileType = text.plist.xml; path = Info.plist; sourceTree = "<group>"; };
		E49AE3C72449190F00632A45 /* Galaxy HopTests.xctest */ = {isa = PBXFileReference; explicitFileType = wrapper.cfbundle; includeInIndex = 0; path = "Galaxy HopTests.xctest"; sourceTree = BUILT_PRODUCTS_DIR; };
		E49AE3CB2449190F00632A45 /* Galaxy_HopTests.swift */ = {isa = PBXFileReference; lastKnownFileType = sourcecode.swift; path = Galaxy_HopTests.swift; sourceTree = "<group>"; };
		E49AE3CD2449190F00632A45 /* Info.plist */ = {isa = PBXFileReference; lastKnownFileType = text.plist.xml; path = Info.plist; sourceTree = "<group>"; };
		E49AE3D22449190F00632A45 /* Galaxy HopUITests.xctest */ = {isa = PBXFileReference; explicitFileType = wrapper.cfbundle; includeInIndex = 0; path = "Galaxy HopUITests.xctest"; sourceTree = BUILT_PRODUCTS_DIR; };
		E49AE3D62449190F00632A45 /* Galaxy_HopUITests.swift */ = {isa = PBXFileReference; lastKnownFileType = sourcecode.swift; path = Galaxy_HopUITests.swift; sourceTree = "<group>"; };
		E49AE3D82449190F00632A45 /* Info.plist */ = {isa = PBXFileReference; lastKnownFileType = text.plist.xml; path = Info.plist; sourceTree = "<group>"; };
		E4DADA18245F4AAA00AB84F3 /* game2.swift */ = {isa = PBXFileReference; lastKnownFileType = sourcecode.swift; path = game2.swift; sourceTree = "<group>"; };
		E4DADA1A245F4AE900AB84F3 /* game2.sks */ = {isa = PBXFileReference; lastKnownFileType = file.sks; path = game2.sks; sourceTree = "<group>"; };
/* End PBXFileReference section */

/* Begin PBXFrameworksBuildPhase section */
		E49AE3AA2449190D00632A45 /* Frameworks */ = {
			isa = PBXFrameworksBuildPhase;
			buildActionMask = 2147483647;
			files = (
			);
			runOnlyForDeploymentPostprocessing = 0;
		};
		E49AE3C42449190F00632A45 /* Frameworks */ = {
			isa = PBXFrameworksBuildPhase;
			buildActionMask = 2147483647;
			files = (
			);
			runOnlyForDeploymentPostprocessing = 0;
		};
		E49AE3CF2449190F00632A45 /* Frameworks */ = {
			isa = PBXFrameworksBuildPhase;
			buildActionMask = 2147483647;
			files = (
			);
			runOnlyForDeploymentPostprocessing = 0;
		};
/* End PBXFrameworksBuildPhase section */

/* Begin PBXGroup section */
		E49AE3A42449190D00632A45 = {
			isa = PBXGroup;
			children = (
				E49AE3AF2449190D00632A45 /* Galaxy Hop */,
				E49AE3CA2449190F00632A45 /* Galaxy HopTests */,
				E49AE3D52449190F00632A45 /* Galaxy HopUITests */,
				E49AE3AE2449190D00632A45 /* Products */,
			);
			sourceTree = "<group>";
		};
		E49AE3AE2449190D00632A45 /* Products */ = {
			isa = PBXGroup;
			children = (
				E49AE3AD2449190D00632A45 /* Galaxy Hop.app */,
				E49AE3C72449190F00632A45 /* Galaxy HopTests.xctest */,
				E49AE3D22449190F00632A45 /* Galaxy HopUITests.xctest */,
			);
			name = Products;
			sourceTree = "<group>";
		};
		E49AE3AF2449190D00632A45 /* Galaxy Hop */ = {
			isa = PBXGroup;
			children = (
				E49AE3B02449190D00632A45 /* AppDelegate.swift */,
				E49AE3B22449190D00632A45 /* GameScene.sks */,
				E49AE3B62449190D00632A45 /* GameScene.swift */,
				E49AE3B42449190D00632A45 /* Actions.sks */,
				E49AE3B82449190D00632A45 /* GameViewController.swift */,
				E49AE3BA2449190D00632A45 /* Main.storyboard */,
				E49AE3BD2449190F00632A45 /* Assets.xcassets */,
				E49AE3BF2449190F00632A45 /* LaunchScreen.storyboard */,
				E49AE3C22449190F00632A45 /* Info.plist */,
				E48A1F7E24551D08006CA526 /* game1.sks */,
				E48A1F8024551D1C006CA526 /* game1.swift */,
				317D1EAA245DE22C00D1D552 /* Stats.sks */,
				31CCACBB245DEA2C00DC9A0D /* Stats.swift */,
				3171CCC5245E77F800C5CD7C /* GameOver.sks */,
				3171CCC7245E7B4900C5CD7C /* GameOver.swift */,
				E4DADA1A245F4AE900AB84F3 /* game2.sks */,
				E4DADA18245F4AAA00AB84F3 /* game2.swift */,
			);
			path = "Galaxy Hop";
			sourceTree = "<group>";
		};
		E49AE3CA2449190F00632A45 /* Galaxy HopTests */ = {
			isa = PBXGroup;
			children = (
				E49AE3CB2449190F00632A45 /* Galaxy_HopTests.swift */,
				E49AE3CD2449190F00632A45 /* Info.plist */,
			);
			path = "Galaxy HopTests";
			sourceTree = "<group>";
		};
		E49AE3D52449190F00632A45 /* Galaxy HopUITests */ = {
			isa = PBXGroup;
			children = (
				E49AE3D62449190F00632A45 /* Galaxy_HopUITests.swift */,
				E49AE3D82449190F00632A45 /* Info.plist */,
			);
			path = "Galaxy HopUITests";
			sourceTree = "<group>";
		};
/* End PBXGroup section */

/* Begin PBXNativeTarget section */
		E49AE3AC2449190D00632A45 /* Galaxy Hop */ = {
			isa = PBXNativeTarget;
			buildConfigurationList = E49AE3DB2449190F00632A45 /* Build configuration list for PBXNativeTarget "Galaxy Hop" */;
			buildPhases = (
				E49AE3A92449190D00632A45 /* Sources */,
				E49AE3AA2449190D00632A45 /* Frameworks */,
				E49AE3AB2449190D00632A45 /* Resources */,
			);
			buildRules = (
			);
			dependencies = (
			);
			name = "Galaxy Hop";
			productName = "Galaxy Hop";
			productReference = E49AE3AD2449190D00632A45 /* Galaxy Hop.app */;
			productType = "com.apple.product-type.application";
		};
		E49AE3C62449190F00632A45 /* Galaxy HopTests */ = {
			isa = PBXNativeTarget;
			buildConfigurationList = E49AE3DE2449190F00632A45 /* Build configuration list for PBXNativeTarget "Galaxy HopTests" */;
			buildPhases = (
				E49AE3C32449190F00632A45 /* Sources */,
				E49AE3C42449190F00632A45 /* Frameworks */,
				E49AE3C52449190F00632A45 /* Resources */,
			);
			buildRules = (
			);
			dependencies = (
				E49AE3C92449190F00632A45 /* PBXTargetDependency */,
			);
			name = "Galaxy HopTests";
			productName = "Galaxy HopTests";
			productReference = E49AE3C72449190F00632A45 /* Galaxy HopTests.xctest */;
			productType = "com.apple.product-type.bundle.unit-test";
		};
		E49AE3D12449190F00632A45 /* Galaxy HopUITests */ = {
			isa = PBXNativeTarget;
			buildConfigurationList = E49AE3E12449190F00632A45 /* Build configuration list for PBXNativeTarget "Galaxy HopUITests" */;
			buildPhases = (
				E49AE3CE2449190F00632A45 /* Sources */,
				E49AE3CF2449190F00632A45 /* Frameworks */,
				E49AE3D02449190F00632A45 /* Resources */,
			);
			buildRules = (
			);
			dependencies = (
				E49AE3D42449190F00632A45 /* PBXTargetDependency */,
			);
			name = "Galaxy HopUITests";
			productName = "Galaxy HopUITests";
			productReference = E49AE3D22449190F00632A45 /* Galaxy HopUITests.xctest */;
			productType = "com.apple.product-type.bundle.ui-testing";
		};
/* End PBXNativeTarget section */

/* Begin PBXProject section */
		E49AE3A52449190D00632A45 /* Project object */ = {
			isa = PBXProject;
			attributes = {
				LastSwiftUpdateCheck = 1130;
				LastUpgradeCheck = 1130;
				ORGANIZATIONNAME = Thomas;
				TargetAttributes = {
					E49AE3AC2449190D00632A45 = {
						CreatedOnToolsVersion = 11.3.1;
					};
					E49AE3C62449190F00632A45 = {
						CreatedOnToolsVersion = 11.3.1;
						TestTargetID = E49AE3AC2449190D00632A45;
					};
					E49AE3D12449190F00632A45 = {
						CreatedOnToolsVersion = 11.3.1;
						TestTargetID = E49AE3AC2449190D00632A45;
					};
				};
			};
			buildConfigurationList = E49AE3A82449190D00632A45 /* Build configuration list for PBXProject "Galaxy Hop" */;
			compatibilityVersion = "Xcode 9.3";
			developmentRegion = en;
			hasScannedForEncodings = 0;
			knownRegions = (
				en,
				Base,
			);
			mainGroup = E49AE3A42449190D00632A45;
			productRefGroup = E49AE3AE2449190D00632A45 /* Products */;
			projectDirPath = "";
			projectRoot = "";
			targets = (
				E49AE3AC2449190D00632A45 /* Galaxy Hop */,
				E49AE3C62449190F00632A45 /* Galaxy HopTests */,
				E49AE3D12449190F00632A45 /* Galaxy HopUITests */,
			);
		};
/* End PBXProject section */

/* Begin PBXResourcesBuildPhase section */
		E49AE3AB2449190D00632A45 /* Resources */ = {
			isa = PBXResourcesBuildPhase;
			buildActionMask = 2147483647;
			files = (
				E49AE3BC2449190D00632A45 /* Main.storyboard in Resources */,
				E4DADA1B245F4AE900AB84F3 /* game2.sks in Resources */,
				3171CCC6245E77F800C5CD7C /* GameOver.sks in Resources */,
				E48A1F7F24551D08006CA526 /* game1.sks in Resources */,
				317D1EAB245DE22C00D1D552 /* Stats.sks in Resources */,
				E49AE3B32449190D00632A45 /* GameScene.sks in Resources */,
				E49AE3BE2449190F00632A45 /* Assets.xcassets in Resources */,
				E49AE3C12449190F00632A45 /* LaunchScreen.storyboard in Resources */,
				E49AE3B52449190D00632A45 /* Actions.sks in Resources */,
			);
			runOnlyForDeploymentPostprocessing = 0;
		};
		E49AE3C52449190F00632A45 /* Resources */ = {
			isa = PBXResourcesBuildPhase;
			buildActionMask = 2147483647;
			files = (
			);
			runOnlyForDeploymentPostprocessing = 0;
		};
		E49AE3D02449190F00632A45 /* Resources */ = {
			isa = PBXResourcesBuildPhase;
			buildActionMask = 2147483647;
			files = (
			);
			runOnlyForDeploymentPostprocessing = 0;
		};
/* End PBXResourcesBuildPhase section */

/* Begin PBXSourcesBuildPhase section */
		E49AE3A92449190D00632A45 /* Sources */ = {
			isa = PBXSourcesBuildPhase;
			buildActionMask = 2147483647;
			files = (
				E4DADA19245F4AAA00AB84F3 /* game2.swift in Sources */,
				E49AE3B72449190D00632A45 /* GameScene.swift in Sources */,
				31CCACBC245DEA2C00DC9A0D /* Stats.swift in Sources */,
				E49AE3B92449190D00632A45 /* GameViewController.swift in Sources */,
				3171CCC8245E7B4900C5CD7C /* GameOver.swift in Sources */,
				E49AE3B12449190D00632A45 /* AppDelegate.swift in Sources */,
				E48A1F8124551D1C006CA526 /* game1.swift in Sources */,
			);
			runOnlyForDeploymentPostprocessing = 0;
		};
		E49AE3C32449190F00632A45 /* Sources */ = {
			isa = PBXSourcesBuildPhase;
			buildActionMask = 2147483647;
			files = (
				E49AE3CC2449190F00632A45 /* Galaxy_HopTests.swift in Sources */,
			);
			runOnlyForDeploymentPostprocessing = 0;
		};
		E49AE3CE2449190F00632A45 /* Sources */ = {
			isa = PBXSourcesBuildPhase;
			buildActionMask = 2147483647;
			files = (
				E49AE3D72449190F00632A45 /* Galaxy_HopUITests.swift in Sources */,
			);
			runOnlyForDeploymentPostprocessing = 0;
		};
/* End PBXSourcesBuildPhase section */

/* Begin PBXTargetDependency section */
		E49AE3C92449190F00632A45 /* PBXTargetDependency */ = {
			isa = PBXTargetDependency;
			target = E49AE3AC2449190D00632A45 /* Galaxy Hop */;
			targetProxy = E49AE3C82449190F00632A45 /* PBXContainerItemProxy */;
		};
		E49AE3D42449190F00632A45 /* PBXTargetDependency */ = {
			isa = PBXTargetDependency;
			target = E49AE3AC2449190D00632A45 /* Galaxy Hop */;
			targetProxy = E49AE3D32449190F00632A45 /* PBXContainerItemProxy */;
		};
/* End PBXTargetDependency section */

/* Begin PBXVariantGroup section */
		E49AE3BA2449190D00632A45 /* Main.storyboard */ = {
			isa = PBXVariantGroup;
			children = (
				E49AE3BB2449190D00632A45 /* Base */,
			);
			name = Main.storyboard;
			sourceTree = "<group>";
		};
		E49AE3BF2449190F00632A45 /* LaunchScreen.storyboard */ = {
			isa = PBXVariantGroup;
			children = (
				E49AE3C02449190F00632A45 /* Base */,
			);
			name = LaunchScreen.storyboard;
			sourceTree = "<group>";
		};
/* End PBXVariantGroup section */

/* Begin XCBuildConfiguration section */
		E49AE3D92449190F00632A45 /* Debug */ = {
			isa = XCBuildConfiguration;
			buildSettings = {
				ALWAYS_SEARCH_USER_PATHS = NO;
				CLANG_ANALYZER_NONNULL = YES;
				CLANG_ANALYZER_NUMBER_OBJECT_CONVERSION = YES_AGGRESSIVE;
				CLANG_CXX_LANGUAGE_STANDARD = "gnu++14";
				CLANG_CXX_LIBRARY = "libc++";
				CLANG_ENABLE_MODULES = YES;
				CLANG_ENABLE_OBJC_ARC = YES;
				CLANG_ENABLE_OBJC_WEAK = YES;
				CLANG_WARN_BLOCK_CAPTURE_AUTORELEASING = YES;
				CLANG_WARN_BOOL_CONVERSION = YES;
				CLANG_WARN_COMMA = YES;
				CLANG_WARN_CONSTANT_CONVERSION = YES;
				CLANG_WARN_DEPRECATED_OBJC_IMPLEMENTATIONS = YES;
				CLANG_WARN_DIRECT_OBJC_ISA_USAGE = YES_ERROR;
				CLANG_WARN_DOCUMENTATION_COMMENTS = YES;
				CLANG_WARN_EMPTY_BODY = YES;
				CLANG_WARN_ENUM_CONVERSION = YES;
				CLANG_WARN_INFINITE_RECURSION = YES;
				CLANG_WARN_INT_CONVERSION = YES;
				CLANG_WARN_NON_LITERAL_NULL_CONVERSION = YES;
				CLANG_WARN_OBJC_IMPLICIT_RETAIN_SELF = YES;
				CLANG_WARN_OBJC_LITERAL_CONVERSION = YES;
				CLANG_WARN_OBJC_ROOT_CLASS = YES_ERROR;
				CLANG_WARN_RANGE_LOOP_ANALYSIS = YES;
				CLANG_WARN_STRICT_PROTOTYPES = YES;
				CLANG_WARN_SUSPICIOUS_MOVE = YES;
				CLANG_WARN_UNGUARDED_AVAILABILITY = YES_AGGRESSIVE;
				CLANG_WARN_UNREACHABLE_CODE = YES;
				CLANG_WARN__DUPLICATE_METHOD_MATCH = YES;
				COPY_PHASE_STRIP = NO;
				DEBUG_INFORMATION_FORMAT = dwarf;
				ENABLE_STRICT_OBJC_MSGSEND = YES;
				ENABLE_TESTABILITY = YES;
				GCC_C_LANGUAGE_STANDARD = gnu11;
				GCC_DYNAMIC_NO_PIC = NO;
				GCC_NO_COMMON_BLOCKS = YES;
				GCC_OPTIMIZATION_LEVEL = 0;
				GCC_PREPROCESSOR_DEFINITIONS = (
					"DEBUG=1",
					"$(inherited)",
				);
				GCC_WARN_64_TO_32_BIT_CONVERSION = YES;
				GCC_WARN_ABOUT_RETURN_TYPE = YES_ERROR;
				GCC_WARN_UNDECLARED_SELECTOR = YES;
				GCC_WARN_UNINITIALIZED_AUTOS = YES_AGGRESSIVE;
				GCC_WARN_UNUSED_FUNCTION = YES;
				GCC_WARN_UNUSED_VARIABLE = YES;
				IPHONEOS_DEPLOYMENT_TARGET = 13.2;
				MTL_ENABLE_DEBUG_INFO = INCLUDE_SOURCE;
				MTL_FAST_MATH = YES;
				ONLY_ACTIVE_ARCH = YES;
				SDKROOT = iphoneos;
				SWIFT_ACTIVE_COMPILATION_CONDITIONS = DEBUG;
				SWIFT_OPTIMIZATION_LEVEL = "-Onone";
			};
			name = Debug;
		};
		E49AE3DA2449190F00632A45 /* Release */ = {
			isa = XCBuildConfiguration;
			buildSettings = {
				ALWAYS_SEARCH_USER_PATHS = NO;
				CLANG_ANALYZER_NONNULL = YES;
				CLANG_ANALYZER_NUMBER_OBJECT_CONVERSION = YES_AGGRESSIVE;
				CLANG_CXX_LANGUAGE_STANDARD = "gnu++14";
				CLANG_CXX_LIBRARY = "libc++";
				CLANG_ENABLE_MODULES = YES;
				CLANG_ENABLE_OBJC_ARC = YES;
				CLANG_ENABLE_OBJC_WEAK = YES;
				CLANG_WARN_BLOCK_CAPTURE_AUTORELEASING = YES;
				CLANG_WARN_BOOL_CONVERSION = YES;
				CLANG_WARN_COMMA = YES;
				CLANG_WARN_CONSTANT_CONVERSION = YES;
				CLANG_WARN_DEPRECATED_OBJC_IMPLEMENTATIONS = YES;
				CLANG_WARN_DIRECT_OBJC_ISA_USAGE = YES_ERROR;
				CLANG_WARN_DOCUMENTATION_COMMENTS = YES;
				CLANG_WARN_EMPTY_BODY = YES;
				CLANG_WARN_ENUM_CONVERSION = YES;
				CLANG_WARN_INFINITE_RECURSION = YES;
				CLANG_WARN_INT_CONVERSION = YES;
				CLANG_WARN_NON_LITERAL_NULL_CONVERSION = YES;
				CLANG_WARN_OBJC_IMPLICIT_RETAIN_SELF = YES;
				CLANG_WARN_OBJC_LITERAL_CONVERSION = YES;
				CLANG_WARN_OBJC_ROOT_CLASS = YES_ERROR;
				CLANG_WARN_RANGE_LOOP_ANALYSIS = YES;
				CLANG_WARN_STRICT_PROTOTYPES = YES;
				CLANG_WARN_SUSPICIOUS_MOVE = YES;
				CLANG_WARN_UNGUARDED_AVAILABILITY = YES_AGGRESSIVE;
				CLANG_WARN_UNREACHABLE_CODE = YES;
				CLANG_WARN__DUPLICATE_METHOD_MATCH = YES;
				COPY_PHASE_STRIP = NO;
				DEBUG_INFORMATION_FORMAT = "dwarf-with-dsym";
				ENABLE_NS_ASSERTIONS = NO;
				ENABLE_STRICT_OBJC_MSGSEND = YES;
				GCC_C_LANGUAGE_STANDARD = gnu11;
				GCC_NO_COMMON_BLOCKS = YES;
				GCC_WARN_64_TO_32_BIT_CONVERSION = YES;
				GCC_WARN_ABOUT_RETURN_TYPE = YES_ERROR;
				GCC_WARN_UNDECLARED_SELECTOR = YES;
				GCC_WARN_UNINITIALIZED_AUTOS = YES_AGGRESSIVE;
				GCC_WARN_UNUSED_FUNCTION = YES;
				GCC_WARN_UNUSED_VARIABLE = YES;
				IPHONEOS_DEPLOYMENT_TARGET = 13.2;
				MTL_ENABLE_DEBUG_INFO = NO;
				MTL_FAST_MATH = YES;
				SDKROOT = iphoneos;
				SWIFT_COMPILATION_MODE = wholemodule;
				SWIFT_OPTIMIZATION_LEVEL = "-O";
				VALIDATE_PRODUCT = YES;
			};
			name = Release;
		};
		E49AE3DC2449190F00632A45 /* Debug */ = {
			isa = XCBuildConfiguration;
			buildSettings = {
				ASSETCATALOG_COMPILER_APPICON_NAME = AppIcon;
				CODE_SIGN_STYLE = Automatic;
				DEVELOPMENT_TEAM = MMZ3TY5378;
				INFOPLIST_FILE = "Galaxy Hop/Info.plist";
				LD_RUNPATH_SEARCH_PATHS = (
					"$(inherited)",
					"@executable_path/Frameworks",
				);
				PRODUCT_BUNDLE_IDENTIFIER = "Thomas.Galaxy-Hop";
				PRODUCT_NAME = "$(TARGET_NAME)";
				SWIFT_VERSION = 5.0;
				TARGETED_DEVICE_FAMILY = "1,2";
			};
			name = Debug;
		};
		E49AE3DD2449190F00632A45 /* Release */ = {
			isa = XCBuildConfiguration;
			buildSettings = {
				ASSETCATALOG_COMPILER_APPICON_NAME = AppIcon;
				CODE_SIGN_STYLE = Automatic;
				DEVELOPMENT_TEAM = MMZ3TY5378;
				INFOPLIST_FILE = "Galaxy Hop/Info.plist";
				LD_RUNPATH_SEARCH_PATHS = (
					"$(inherited)",
					"@executable_path/Frameworks",
				);
				PRODUCT_BUNDLE_IDENTIFIER = "Thomas.Galaxy-Hop";
				PRODUCT_NAME = "$(TARGET_NAME)";
				SWIFT_VERSION = 5.0;
				TARGETED_DEVICE_FAMILY = "1,2";
			};
			name = Release;
		};
		E49AE3DF2449190F00632A45 /* Debug */ = {
			isa = XCBuildConfiguration;
			buildSettings = {
				ALWAYS_EMBED_SWIFT_STANDARD_LIBRARIES = YES;
				BUNDLE_LOADER = "$(TEST_HOST)";
				CODE_SIGN_STYLE = Automatic;
				INFOPLIST_FILE = "Galaxy HopTests/Info.plist";
				IPHONEOS_DEPLOYMENT_TARGET = 13.2;
				LD_RUNPATH_SEARCH_PATHS = (
					"$(inherited)",
					"@executable_path/Frameworks",
					"@loader_path/Frameworks",
				);
				PRODUCT_BUNDLE_IDENTIFIER = "Thomas.Galaxy-HopTests";
				PRODUCT_NAME = "$(TARGET_NAME)";
				SWIFT_VERSION = 5.0;
				TARGETED_DEVICE_FAMILY = "1,2";
				TEST_HOST = "$(BUILT_PRODUCTS_DIR)/Galaxy Hop.app/Galaxy Hop";
			};
			name = Debug;
		};
		E49AE3E02449190F00632A45 /* Release */ = {
			isa = XCBuildConfiguration;
			buildSettings = {
				ALWAYS_EMBED_SWIFT_STANDARD_LIBRARIES = YES;
				BUNDLE_LOADER = "$(TEST_HOST)";
				CODE_SIGN_STYLE = Automatic;
				INFOPLIST_FILE = "Galaxy HopTests/Info.plist";
				IPHONEOS_DEPLOYMENT_TARGET = 13.2;
				LD_RUNPATH_SEARCH_PATHS = (
					"$(inherited)",
					"@executable_path/Frameworks",
					"@loader_path/Frameworks",
				);
				PRODUCT_BUNDLE_IDENTIFIER = "Thomas.Galaxy-HopTests";
				PRODUCT_NAME = "$(TARGET_NAME)";
				SWIFT_VERSION = 5.0;
				TARGETED_DEVICE_FAMILY = "1,2";
				TEST_HOST = "$(BUILT_PRODUCTS_DIR)/Galaxy Hop.app/Galaxy Hop";
			};
			name = Release;
		};
		E49AE3E22449190F00632A45 /* Debug */ = {
			isa = XCBuildConfiguration;
			buildSettings = {
				ALWAYS_EMBED_SWIFT_STANDARD_LIBRARIES = YES;
				CODE_SIGN_STYLE = Automatic;
				INFOPLIST_FILE = "Galaxy HopUITests/Info.plist";
				LD_RUNPATH_SEARCH_PATHS = (
					"$(inherited)",
					"@executable_path/Frameworks",
					"@loader_path/Frameworks",
				);
				PRODUCT_BUNDLE_IDENTIFIER = "Thomas.Galaxy-HopUITests";
				PRODUCT_NAME = "$(TARGET_NAME)";
				SWIFT_VERSION = 5.0;
				TARGETED_DEVICE_FAMILY = "1,2";
				TEST_TARGET_NAME = "Galaxy Hop";
			};
			name = Debug;
		};
		E49AE3E32449190F00632A45 /* Release */ = {
			isa = XCBuildConfiguration;
			buildSettings = {
				ALWAYS_EMBED_SWIFT_STANDARD_LIBRARIES = YES;
				CODE_SIGN_STYLE = Automatic;
				INFOPLIST_FILE = "Galaxy HopUITests/Info.plist";
				LD_RUNPATH_SEARCH_PATHS = (
					"$(inherited)",
					"@executable_path/Frameworks",
					"@loader_path/Frameworks",
				);
				PRODUCT_BUNDLE_IDENTIFIER = "Thomas.Galaxy-HopUITests";
				PRODUCT_NAME = "$(TARGET_NAME)";
				SWIFT_VERSION = 5.0;
				TARGETED_DEVICE_FAMILY = "1,2";
				TEST_TARGET_NAME = "Galaxy Hop";
			};
			name = Release;
		};
/* End XCBuildConfiguration section */

/* Begin XCConfigurationList section */
		E49AE3A82449190D00632A45 /* Build configuration list for PBXProject "Galaxy Hop" */ = {
			isa = XCConfigurationList;
			buildConfigurations = (
				E49AE3D92449190F00632A45 /* Debug */,
				E49AE3DA2449190F00632A45 /* Release */,
			);
			defaultConfigurationIsVisible = 0;
			defaultConfigurationName = Release;
		};
		E49AE3DB2449190F00632A45 /* Build configuration list for PBXNativeTarget "Galaxy Hop" */ = {
			isa = XCConfigurationList;
			buildConfigurations = (
				E49AE3DC2449190F00632A45 /* Debug */,
				E49AE3DD2449190F00632A45 /* Release */,
			);
			defaultConfigurationIsVisible = 0;
			defaultConfigurationName = Release;
		};
		E49AE3DE2449190F00632A45 /* Build configuration list for PBXNativeTarget "Galaxy HopTests" */ = {
			isa = XCConfigurationList;
			buildConfigurations = (
				E49AE3DF2449190F00632A45 /* Debug */,
				E49AE3E02449190F00632A45 /* Release */,
			);
			defaultConfigurationIsVisible = 0;
			defaultConfigurationName = Release;
		};
		E49AE3E12449190F00632A45 /* Build configuration list for PBXNativeTarget "Galaxy HopUITests" */ = {
			isa = XCConfigurationList;
			buildConfigurations = (
				E49AE3E22449190F00632A45 /* Debug */,
				E49AE3E32449190F00632A45 /* Release */,
			);
			defaultConfigurationIsVisible = 0;
			defaultConfigurationName = Release;
		};
/* End XCConfigurationList section */
	};
	rootObject = E49AE3A52449190D00632A45 /* Project object */;
}
